
Microsoft Visual Studio Solution File, Format Version 10.00
# Visual Studio 2008
Project("{FAE04EC0-301F-11D3-BF4B-00C04F79EFBC}") = "FormsWpfInterop", "FormsWpfInterop\FormsWpfInterop.csproj", "{FA5F37D2-946F-4392-8AEC-F46614925CEA}"
EndProject
Project("{FAE04EC0-301F-11D3-BF4B-00C04F79EFBC}") = "WpfPage", "WpfPage\WpfPage.csproj", "{8CFCCF47-A7DB-4BBA-9B66-95204E88FDDE}"
EndProject
Global
	GlobalSection(SolutionConfigurationPlatforms) = preSolution
		Debug|Any CPU = Debug|Any CPU
		Release|Any CPU = Release|Any CPU
	EndGlobalSection
	GlobalSection(ProjectConfigurationPlatforms) = postSolution
		{FA5F37D2-946F-4392-8AEC-F46614925CEA}.Debug|Any CPU.ActiveCfg = Debug|Any CPU
		{FA5F37D2-946F-4392-8AEC-F46614925CEA}.Debug|Any CPU.Build.0 = Debug|Any CPU
		{FA5F37D2-946F-4392-8AEC-F46614925CEA}.Release|Any CPU.ActiveCfg = Release|Any CPU
		{FA5F37D2-946F-4392-8AEC-F46614925CEA}.Release|Any CPU.Build.0 = Release|Any CPU
		{8CFCCF47-A7DB-4BBA-9B66-95204E88FDDE}.Debug|Any CPU.ActiveCfg = Debug|Any CPU
		{8CFCCF47-A7DB-4BBA-9B66-95204E88FDDE}.Debug|Any CPU.Build.0 = Debug|Any CPU
		{8CFCCF47-A7DB-4BBA-9B66-95204E88FDDE}.Release|Any CPU.ActiveCfg = Release|Any CPU
		{8CFCCF47-A7DB-4BBA-9B66-95204E88FDDE}.Release|Any CPU.Build.0 = Release|Any CPU
	EndGlobalSection
	GlobalSection(SolutionProperties) = preSolution
		HideSolutionNode = FALSE
	EndGlobalSection
EndGlobal
