
Microsoft Visual Studio Solution File, Format Version 10.00
# Visual Studio 2008
Project("{FAE04EC0-301F-11D3-BF4B-00C04F79EFBC}") = "CombCell", "CombCell\CombCell.csproj", "{91F62B30-5E42-462D-9E1F-D46344CC46F0}"
EndProject
Project("{FAE04EC0-301F-11D3-BF4B-00C04F79EFBC}") = "CombCell.Tests", "CombCell.Test\CombCell.Tests\CombCell.Tests.csproj", "{C0BBA604-2411-4D00-982A-579EF12AEC3B}"
EndProject
Project("{2150E333-8FDC-42A3-9474-1A3956D46DE8}") = "Solution Items", "Solution Items", "{65C3E6E8-3A75-420D-A4BF-8BED8D040F0B}"
	ProjectSection(SolutionItems) = preProject
		CombCell.ico = CombCell.ico
		CombCell.vsmdi = CombCell.vsmdi
		LocalTestRun.testrunconfig = LocalTestRun.testrunconfig
	EndProjectSection
EndProject
Project("{FAE04EC0-301F-11D3-BF4B-00C04F79EFBC}") = "CombCell.DSAlgo", "CombCell.DSAlgo\CombCell.DSAlgo.csproj", "{5EE12729-BE63-44FC-B5F6-4F7D8028C332}"
EndProject
Project("{FAE04EC0-301F-11D3-BF4B-00C04F79EFBC}") = "CombCell.DSAlgo.Tests", "CombCell.DSAlgo\CombCell.DSAlgo.Tests\CombCell.DSAlgo.Tests.csproj", "{0259E5AF-9000-4B32-8A44-E00D11C3F4E0}"
EndProject
Project("{FAE04EC0-301F-11D3-BF4B-00C04F79EFBC}") = "CombCell.View3D", "CombCell.View3D\CombCell.View3D.csproj", "{6212E784-F9C6-4DD9-B07D-E66DFDCAE0A0}"
EndProject
Project("{54435603-DBB4-11D2-8724-00A0C9A8B90C}") = "Setup", "Setup\Setup.vdproj", "{69E28730-D91C-4F9F-8077-9492A61AEB6D}"
EndProject
Global
	GlobalSection(TestCaseManagementSettings) = postSolution
		CategoryFile = CombCell.vsmdi
	EndGlobalSection
	GlobalSection(SolutionConfigurationPlatforms) = preSolution
		Debug|Any CPU = Debug|Any CPU
		Release|Any CPU = Release|Any CPU
	EndGlobalSection
	GlobalSection(ProjectConfigurationPlatforms) = postSolution
		{91F62B30-5E42-462D-9E1F-D46344CC46F0}.Debug|Any CPU.ActiveCfg = Debug|Any CPU
		{91F62B30-5E42-462D-9E1F-D46344CC46F0}.Debug|Any CPU.Build.0 = Debug|Any CPU
		{91F62B30-5E42-462D-9E1F-D46344CC46F0}.Release|Any CPU.ActiveCfg = Release|Any CPU
		{91F62B30-5E42-462D-9E1F-D46344CC46F0}.Release|Any CPU.Build.0 = Release|Any CPU
		{C0BBA604-2411-4D00-982A-579EF12AEC3B}.Debug|Any CPU.ActiveCfg = Debug|Any CPU
		{C0BBA604-2411-4D00-982A-579EF12AEC3B}.Debug|Any CPU.Build.0 = Debug|Any CPU
		{C0BBA604-2411-4D00-982A-579EF12AEC3B}.Release|Any CPU.ActiveCfg = Release|Any CPU
		{C0BBA604-2411-4D00-982A-579EF12AEC3B}.Release|Any CPU.Build.0 = Release|Any CPU
		{5EE12729-BE63-44FC-B5F6-4F7D8028C332}.Debug|Any CPU.ActiveCfg = Debug|Any CPU
		{5EE12729-BE63-44FC-B5F6-4F7D8028C332}.Debug|Any CPU.Build.0 = Debug|Any CPU
		{5EE12729-BE63-44FC-B5F6-4F7D8028C332}.Release|Any CPU.ActiveCfg = Release|Any CPU
		{5EE12729-BE63-44FC-B5F6-4F7D8028C332}.Release|Any CPU.Build.0 = Release|Any CPU
		{0259E5AF-9000-4B32-8A44-E00D11C3F4E0}.Debug|Any CPU.ActiveCfg = Debug|Any CPU
		{0259E5AF-9000-4B32-8A44-E00D11C3F4E0}.Debug|Any CPU.Build.0 = Debug|Any CPU
		{0259E5AF-9000-4B32-8A44-E00D11C3F4E0}.Release|Any CPU.ActiveCfg = Release|Any CPU
		{0259E5AF-9000-4B32-8A44-E00D11C3F4E0}.Release|Any CPU.Build.0 = Release|Any CPU
		{6212E784-F9C6-4DD9-B07D-E66DFDCAE0A0}.Debug|Any CPU.ActiveCfg = Debug|Any CPU
		{6212E784-F9C6-4DD9-B07D-E66DFDCAE0A0}.Debug|Any CPU.Build.0 = Debug|Any CPU
		{6212E784-F9C6-4DD9-B07D-E66DFDCAE0A0}.Release|Any CPU.ActiveCfg = Release|Any CPU
		{6212E784-F9C6-4DD9-B07D-E66DFDCAE0A0}.Release|Any CPU.Build.0 = Release|Any CPU
		{69E28730-D91C-4F9F-8077-9492A61AEB6D}.Debug|Any CPU.ActiveCfg = Debug
		{69E28730-D91C-4F9F-8077-9492A61AEB6D}.Release|Any CPU.ActiveCfg = Release
	EndGlobalSection
	GlobalSection(SolutionProperties) = preSolution
		HideSolutionNode = FALSE
	EndGlobalSection
EndGlobal
